
Microsoft Visual Studio Solution File, Format Version 12.00
# Visual Studio Version 16
VisualStudioVersion = 16.0.32602.291
MinimumVisualStudioVersion = 10.0.40219.1
Project("{FAE04EC0-301F-11D3-BF4B-00C04F79EFBC}") = "Zad1", "DwomerniMasiwi\Zad1.csproj", "{7805792E-D03F-44BD-8C86-ED66B5B151ED}"
EndProject
Project("{FAE04EC0-301F-11D3-BF4B-00C04F79EFBC}") = "Zad2", "Zad2\Zad2.csproj", "{16CB1363-AD93-4FA1-AED7-FF74962B6620}"
EndProject
Project("{FAE04EC0-301F-11D3-BF4B-00C04F79EFBC}") = "Zad3", "Zad3\Zad3.csproj", "{BAA7CB5D-C356-4ECF-A862-14F9CADA28FD}"
EndProject
Project("{FAE04EC0-301F-11D3-BF4B-00C04F79EFBC}") = "Zad4", "Zad4\Zad4.csproj", "{CDF69788-AFB8-4E8D-A0F4-23C3CFFC564D}"
EndProject
Project("{FAE04EC0-301F-11D3-BF4B-00C04F79EFBC}") = "Zad5", "Zad5\Zad5.csproj", "{8C52624C-9A1C-4C84-B8E5-331760204905}"
EndProject
Global
	GlobalSection(SolutionConfigurationPlatforms) = preSolution
		Debug|Any CPU = Debug|Any CPU
		Release|Any CPU = Release|Any CPU
	EndGlobalSection
	GlobalSection(ProjectConfigurationPlatforms) = postSolution
		{7805792E-D03F-44BD-8C86-ED66B5B151ED}.Debug|Any CPU.ActiveCfg = Debug|Any CPU
		{7805792E-D03F-44BD-8C86-ED66B5B151ED}.Debug|Any CPU.Build.0 = Debug|Any CPU
		{7805792E-D03F-44BD-8C86-ED66B5B151ED}.Release|Any CPU.ActiveCfg = Release|Any CPU
		{7805792E-D03F-44BD-8C86-ED66B5B151ED}.Release|Any CPU.Build.0 = Release|Any CPU
		{16CB1363-AD93-4FA1-AED7-FF74962B6620}.Debug|Any CPU.ActiveCfg = Debug|Any CPU
		{16CB1363-AD93-4FA1-AED7-FF74962B6620}.Debug|Any CPU.Build.0 = Debug|Any CPU
		{16CB1363-AD93-4FA1-AED7-FF74962B6620}.Release|Any CPU.ActiveCfg = Release|Any CPU
		{16CB1363-AD93-4FA1-AED7-FF74962B6620}.Release|Any CPU.Build.0 = Release|Any CPU
		{BAA7CB5D-C356-4ECF-A862-14F9CADA28FD}.Debug|Any CPU.ActiveCfg = Debug|Any CPU
		{BAA7CB5D-C356-4ECF-A862-14F9CADA28FD}.Debug|Any CPU.Build.0 = Debug|Any CPU
		{BAA7CB5D-C356-4ECF-A862-14F9CADA28FD}.Release|Any CPU.ActiveCfg = Release|Any CPU
		{BAA7CB5D-C356-4ECF-A862-14F9CADA28FD}.Release|Any CPU.Build.0 = Release|Any CPU
		{CDF69788-AFB8-4E8D-A0F4-23C3CFFC564D}.Debug|Any CPU.ActiveCfg = Debug|Any CPU
		{CDF69788-AFB8-4E8D-A0F4-23C3CFFC564D}.Debug|Any CPU.Build.0 = Debug|Any CPU
		{CDF69788-AFB8-4E8D-A0F4-23C3CFFC564D}.Release|Any CPU.ActiveCfg = Release|Any CPU
		{CDF69788-AFB8-4E8D-A0F4-23C3CFFC564D}.Release|Any CPU.Build.0 = Release|Any CPU
		{8C52624C-9A1C-4C84-B8E5-331760204905}.Debug|Any CPU.ActiveCfg = Debug|Any CPU
		{8C52624C-9A1C-4C84-B8E5-331760204905}.Debug|Any CPU.Build.0 = Debug|Any CPU
		{8C52624C-9A1C-4C84-B8E5-331760204905}.Release|Any CPU.ActiveCfg = Release|Any CPU
		{8C52624C-9A1C-4C84-B8E5-331760204905}.Release|Any CPU.Build.0 = Release|Any CPU
	EndGlobalSection
	GlobalSection(SolutionProperties) = preSolution
		HideSolutionNode = FALSE
	EndGlobalSection
	GlobalSection(ExtensibilityGlobals) = postSolution
		SolutionGuid = {36175583-18A9-4DBB-B795-EE0177175F7C}
	EndGlobalSection
EndGlobal
