
Microsoft Visual Studio Solution File, Format Version 12.00
# Visual Studio Version 16
VisualStudioVersion = 16.0.32602.291
MinimumVisualStudioVersion = 10.0.40219.1
Project("{FAE04EC0-301F-11D3-BF4B-00C04F79EFBC}") = "Zad1RppRechnici", "Zad1RppRechnici\Zad1RppRechnici.csproj", "{7DC74BA0-2E45-43FE-A3BA-4BAAC07FFF80}"
EndProject
Global
	GlobalSection(SolutionConfigurationPlatforms) = preSolution
		Debug|Any CPU = Debug|Any CPU
		Release|Any CPU = Release|Any CPU
	EndGlobalSection
	GlobalSection(ProjectConfigurationPlatforms) = postSolution
		{7DC74BA0-2E45-43FE-A3BA-4BAAC07FFF80}.Debug|Any CPU.ActiveCfg = Debug|Any CPU
		{7DC74BA0-2E45-43FE-A3BA-4BAAC07FFF80}.Debug|Any CPU.Build.0 = Debug|Any CPU
		{7DC74BA0-2E45-43FE-A3BA-4BAAC07FFF80}.Release|Any CPU.ActiveCfg = Release|Any CPU
		{7DC74BA0-2E45-43FE-A3BA-4BAAC07FFF80}.Release|Any CPU.Build.0 = Release|Any CPU
	EndGlobalSection
	GlobalSection(SolutionProperties) = preSolution
		HideSolutionNode = FALSE
	EndGlobalSection
	GlobalSection(ExtensibilityGlobals) = postSolution
		SolutionGuid = {F6D73AA7-19B7-4776-9398-A8FEB1302BD4}
	EndGlobalSection
EndGlobal
