
Microsoft Visual Studio Solution File, Format Version 12.00
# Visual Studio Version 16
VisualStudioVersion = 16.0.32228.343
MinimumVisualStudioVersion = 10.0.40219.1
Project("{9A19103F-16F7-4668-BE54-9A1E7A4F7556}") = "MulSumDigits", "ChetniNechetni\MulSumDigits.csproj", "{683CA960-8528-4A76-9DA7-DE497C07CEF9}"
EndProject
Project("{FAE04EC0-301F-11D3-BF4B-00C04F79EFBC}") = "Dates", "Dates\Dates.csproj", "{1D241FC7-4CC4-4C43-88CB-09C0C753CAD1}"
EndProject
Project("{FAE04EC0-301F-11D3-BF4B-00C04F79EFBC}") = "Formatting", "Formatting\Formatting.csproj", "{96F59F39-FCB4-4FFB-8267-B4F8A41E8231}"
EndProject
Global
	GlobalSection(SolutionConfigurationPlatforms) = preSolution
		Debug|Any CPU = Debug|Any CPU
		Release|Any CPU = Release|Any CPU
	EndGlobalSection
	GlobalSection(ProjectConfigurationPlatforms) = postSolution
		{683CA960-8528-4A76-9DA7-DE497C07CEF9}.Debug|Any CPU.ActiveCfg = Debug|Any CPU
		{683CA960-8528-4A76-9DA7-DE497C07CEF9}.Debug|Any CPU.Build.0 = Debug|Any CPU
		{683CA960-8528-4A76-9DA7-DE497C07CEF9}.Release|Any CPU.ActiveCfg = Release|Any CPU
		{683CA960-8528-4A76-9DA7-DE497C07CEF9}.Release|Any CPU.Build.0 = Release|Any CPU
		{1D241FC7-4CC4-4C43-88CB-09C0C753CAD1}.Debug|Any CPU.ActiveCfg = Debug|Any CPU
		{1D241FC7-4CC4-4C43-88CB-09C0C753CAD1}.Debug|Any CPU.Build.0 = Debug|Any CPU
		{1D241FC7-4CC4-4C43-88CB-09C0C753CAD1}.Release|Any CPU.ActiveCfg = Release|Any CPU
		{1D241FC7-4CC4-4C43-88CB-09C0C753CAD1}.Release|Any CPU.Build.0 = Release|Any CPU
		{96F59F39-FCB4-4FFB-8267-B4F8A41E8231}.Debug|Any CPU.ActiveCfg = Debug|Any CPU
		{96F59F39-FCB4-4FFB-8267-B4F8A41E8231}.Debug|Any CPU.Build.0 = Debug|Any CPU
		{96F59F39-FCB4-4FFB-8267-B4F8A41E8231}.Release|Any CPU.ActiveCfg = Release|Any CPU
		{96F59F39-FCB4-4FFB-8267-B4F8A41E8231}.Release|Any CPU.Build.0 = Release|Any CPU
	EndGlobalSection
	GlobalSection(SolutionProperties) = preSolution
		HideSolutionNode = FALSE
	EndGlobalSection
	GlobalSection(ExtensibilityGlobals) = postSolution
		SolutionGuid = {09934F8B-E90A-44CB-975A-560488409DF5}
	EndGlobalSection
EndGlobal
